
Microsoft Visual Studio Solution File, Format Version 12.00
# Visual Studio Version 17
VisualStudioVersion = 17.0.31903.59
MinimumVisualStudioVersion = 10.0.40219.1
Project("{FAE04EC0-301F-11D3-BF4B-00C04F79EFBC}") = "Calculadora", "Calculadora\Calculadora.csproj", "{D144C3D5-F4D1-4938-B04A-3A52399A64E4}"
EndProject
Project("{FAE04EC0-301F-11D3-BF4B-00C04F79EFBC}") = "CalculadoraTestes", "CalculadoraTestes\CalculadoraTestes.csproj", "{81B86C25-F8F4-41A9-8AFF-94DC7132A205}"
EndProject
Global
	GlobalSection(SolutionConfigurationPlatforms) = preSolution
		Debug|Any CPU = Debug|Any CPU
		Release|Any CPU = Release|Any CPU
	EndGlobalSection
	GlobalSection(SolutionProperties) = preSolution
		HideSolutionNode = FALSE
	EndGlobalSection
	GlobalSection(ProjectConfigurationPlatforms) = postSolution
		{D144C3D5-F4D1-4938-B04A-3A52399A64E4}.Debug|Any CPU.ActiveCfg = Debug|Any CPU
		{D144C3D5-F4D1-4938-B04A-3A52399A64E4}.Debug|Any CPU.Build.0 = Debug|Any CPU
		{D144C3D5-F4D1-4938-B04A-3A52399A64E4}.Release|Any CPU.ActiveCfg = Release|Any CPU
		{D144C3D5-F4D1-4938-B04A-3A52399A64E4}.Release|Any CPU.Build.0 = Release|Any CPU
		{81B86C25-F8F4-41A9-8AFF-94DC7132A205}.Debug|Any CPU.ActiveCfg = Debug|Any CPU
		{81B86C25-F8F4-41A9-8AFF-94DC7132A205}.Debug|Any CPU.Build.0 = Debug|Any CPU
		{81B86C25-F8F4-41A9-8AFF-94DC7132A205}.Release|Any CPU.ActiveCfg = Release|Any CPU
		{81B86C25-F8F4-41A9-8AFF-94DC7132A205}.Release|Any CPU.Build.0 = Release|Any CPU
	EndGlobalSection
EndGlobal
